
Microsoft Visual Studio Solution File, Format Version 12.00
# Visual Studio Version 17
VisualStudioVersion = 17.2.32516.85
MinimumVisualStudioVersion = 10.0.40219.1
Project("{9A19103F-16F7-4668-BE54-9A1E7A4F7556}") = "KafkaTest", "KafkaTest.csproj", "{71D01064-7E11-4297-B601-B9AAAD51EA7E}"
EndProject
Project("{9A19103F-16F7-4668-BE54-9A1E7A4F7556}") = "testKafka", "..\testKafka\testKafka.csproj", "{3D8D795C-2EDB-45AD-9A62-81F55642ACFF}"
EndProject
Project("{9A19103F-16F7-4668-BE54-9A1E7A4F7556}") = "WorkerService1", "..\WorkerService1\WorkerService1.csproj", "{BD50372F-9F5A-4364-9424-3D804BFE2487}"
EndProject
Project("{9A19103F-16F7-4668-BE54-9A1E7A4F7556}") = "eShop.App", "..\eShop.App\eShop.App.csproj", "{4F125E8E-76B5-4719-96D5-1566668187C9}"
EndProject
Project("{9A19103F-16F7-4668-BE54-9A1E7A4F7556}") = "eShop.Domain", "..\eShop.Domain\eShop.Domain.csproj", "{5385C2E9-E9BE-4F17-B77F-343C82BDA8B3}"
EndProject
Project("{9A19103F-16F7-4668-BE54-9A1E7A4F7556}") = "eShop.Infra", "..\eShop.Infra\eShop.Infra.csproj", "{D67FAD42-6D67-4E7F-9E42-1D8F9EACD347}"
EndProject
Project("{FAE04EC0-301F-11D3-BF4B-00C04F79EFBC}") = "testkafka1", "..\testkafka1\testkafka1.csproj", "{444A6B97-61F1-4D31-9ADC-10497D058884}"
EndProject
Global
	GlobalSection(SolutionConfigurationPlatforms) = preSolution
		Debug|Any CPU = Debug|Any CPU
		Release|Any CPU = Release|Any CPU
	EndGlobalSection
	GlobalSection(ProjectConfigurationPlatforms) = postSolution
		{71D01064-7E11-4297-B601-B9AAAD51EA7E}.Debug|Any CPU.ActiveCfg = Debug|Any CPU
		{71D01064-7E11-4297-B601-B9AAAD51EA7E}.Debug|Any CPU.Build.0 = Debug|Any CPU
		{71D01064-7E11-4297-B601-B9AAAD51EA7E}.Release|Any CPU.ActiveCfg = Release|Any CPU
		{71D01064-7E11-4297-B601-B9AAAD51EA7E}.Release|Any CPU.Build.0 = Release|Any CPU
		{3D8D795C-2EDB-45AD-9A62-81F55642ACFF}.Debug|Any CPU.ActiveCfg = Debug|Any CPU
		{3D8D795C-2EDB-45AD-9A62-81F55642ACFF}.Debug|Any CPU.Build.0 = Debug|Any CPU
		{3D8D795C-2EDB-45AD-9A62-81F55642ACFF}.Release|Any CPU.ActiveCfg = Release|Any CPU
		{3D8D795C-2EDB-45AD-9A62-81F55642ACFF}.Release|Any CPU.Build.0 = Release|Any CPU
		{BD50372F-9F5A-4364-9424-3D804BFE2487}.Debug|Any CPU.ActiveCfg = Debug|Any CPU
		{BD50372F-9F5A-4364-9424-3D804BFE2487}.Debug|Any CPU.Build.0 = Debug|Any CPU
		{BD50372F-9F5A-4364-9424-3D804BFE2487}.Release|Any CPU.ActiveCfg = Release|Any CPU
		{BD50372F-9F5A-4364-9424-3D804BFE2487}.Release|Any CPU.Build.0 = Release|Any CPU
		{4F125E8E-76B5-4719-96D5-1566668187C9}.Debug|Any CPU.ActiveCfg = Debug|Any CPU
		{4F125E8E-76B5-4719-96D5-1566668187C9}.Debug|Any CPU.Build.0 = Debug|Any CPU
		{4F125E8E-76B5-4719-96D5-1566668187C9}.Release|Any CPU.ActiveCfg = Release|Any CPU
		{4F125E8E-76B5-4719-96D5-1566668187C9}.Release|Any CPU.Build.0 = Release|Any CPU
		{5385C2E9-E9BE-4F17-B77F-343C82BDA8B3}.Debug|Any CPU.ActiveCfg = Debug|Any CPU
		{5385C2E9-E9BE-4F17-B77F-343C82BDA8B3}.Debug|Any CPU.Build.0 = Debug|Any CPU
		{5385C2E9-E9BE-4F17-B77F-343C82BDA8B3}.Release|Any CPU.ActiveCfg = Release|Any CPU
		{5385C2E9-E9BE-4F17-B77F-343C82BDA8B3}.Release|Any CPU.Build.0 = Release|Any CPU
		{D67FAD42-6D67-4E7F-9E42-1D8F9EACD347}.Debug|Any CPU.ActiveCfg = Debug|Any CPU
		{D67FAD42-6D67-4E7F-9E42-1D8F9EACD347}.Debug|Any CPU.Build.0 = Debug|Any CPU
		{D67FAD42-6D67-4E7F-9E42-1D8F9EACD347}.Release|Any CPU.ActiveCfg = Release|Any CPU
		{D67FAD42-6D67-4E7F-9E42-1D8F9EACD347}.Release|Any CPU.Build.0 = Release|Any CPU
		{444A6B97-61F1-4D31-9ADC-10497D058884}.Debug|Any CPU.ActiveCfg = Debug|Any CPU
		{444A6B97-61F1-4D31-9ADC-10497D058884}.Debug|Any CPU.Build.0 = Debug|Any CPU
		{444A6B97-61F1-4D31-9ADC-10497D058884}.Release|Any CPU.ActiveCfg = Release|Any CPU
		{444A6B97-61F1-4D31-9ADC-10497D058884}.Release|Any CPU.Build.0 = Release|Any CPU
	EndGlobalSection
	GlobalSection(SolutionProperties) = preSolution
		HideSolutionNode = FALSE
	EndGlobalSection
	GlobalSection(ExtensibilityGlobals) = postSolution
		SolutionGuid = {DB91CC68-FE70-4994-BB45-B2CA8C100771}
	EndGlobalSection
EndGlobal
